
Microsoft Visual Studio Solution File, Format Version 12.00
# Visual Studio 2013
Project("{FAE04EC0-301F-11D3-BF4B-00C04F79EFBC}") = "Complex.CSharp", "Complex.CSharp.csproj", "{8E44A0CD-7284-278D-B7C3-1C3A964237DA}"
EndProject
Global
	GlobalSection(SolutionConfigurationPlatforms) = preSolution
		Debug|Any CPU = Debug|Any CPU
		Release|Any CPU = Release|Any CPU
	EndGlobalSection
	GlobalSection(ProjectConfigurationPlatforms) = postSolution
		{8E44A0CD-7284-278D-B7C3-1C3A964237DA}.Debug|Any CPU.ActiveCfg = Debug|Any CPU
		{8E44A0CD-7284-278D-B7C3-1C3A964237DA}.Debug|Any CPU.Build.0 = Debug|Any CPU
		{8E44A0CD-7284-278D-B7C3-1C3A964237DA}.Release|Any CPU.ActiveCfg = Release|Any CPU
		{8E44A0CD-7284-278D-B7C3-1C3A964237DA}.Release|Any CPU.Build.0 = Release|Any CPU
	EndGlobalSection
	GlobalSection(SolutionProperties) = preSolution
		HideSolutionNode = FALSE
	EndGlobalSection
EndGlobal
